
Microsoft Visual Studio Solution File, Format Version 12.00
# Visual Studio Version 17
VisualStudioVersion = 17.1.32407.343
MinimumVisualStudioVersion = 10.0.40219.1
Project("{9A19103F-16F7-4668-BE54-9A1E7A4F7556}") = "Payroll", "Payroll.csproj", "{B001D8CA-B583-4EAF-AA05-FAF82B649B67}"
EndProject
Project("{9A19103F-16F7-4668-BE54-9A1E7A4F7556}") = "Payroll.Core", "..\Payroll.Core\Payroll.Core.csproj", "{6B20B621-8306-434A-9706-6F0E775E73E7}"
EndProject
Project("{9A19103F-16F7-4668-BE54-9A1E7A4F7556}") = "Payroll.Domain", "..\Payroll.Domain\Payroll.Domain.csproj", "{D6C11284-4350-4DE2-A49B-89059B529761}"
EndProject
Project("{9A19103F-16F7-4668-BE54-9A1E7A4F7556}") = "Payroll.Core.Tests", "..\Payroll.Core.Tests\Payroll.Core.Tests.csproj", "{92436F35-70C1-42CB-BA04-EA133F62F0FB}"
EndProject
Project("{FAE04EC0-301F-11D3-BF4B-00C04F79EFBC}") = "Payroll.Tests", "..\Payroll.Tests\Payroll.Tests.csproj", "{B847A8F1-1F5F-4D8B-A78E-C4F724A6A65A}"
EndProject
Global
	GlobalSection(SolutionConfigurationPlatforms) = preSolution
		Debug|Any CPU = Debug|Any CPU
		Release|Any CPU = Release|Any CPU
	EndGlobalSection
	GlobalSection(ProjectConfigurationPlatforms) = postSolution
		{B001D8CA-B583-4EAF-AA05-FAF82B649B67}.Debug|Any CPU.ActiveCfg = Debug|Any CPU
		{B001D8CA-B583-4EAF-AA05-FAF82B649B67}.Debug|Any CPU.Build.0 = Debug|Any CPU
		{B001D8CA-B583-4EAF-AA05-FAF82B649B67}.Release|Any CPU.ActiveCfg = Release|Any CPU
		{B001D8CA-B583-4EAF-AA05-FAF82B649B67}.Release|Any CPU.Build.0 = Release|Any CPU
		{6B20B621-8306-434A-9706-6F0E775E73E7}.Debug|Any CPU.ActiveCfg = Debug|Any CPU
		{6B20B621-8306-434A-9706-6F0E775E73E7}.Debug|Any CPU.Build.0 = Debug|Any CPU
		{6B20B621-8306-434A-9706-6F0E775E73E7}.Release|Any CPU.ActiveCfg = Release|Any CPU
		{6B20B621-8306-434A-9706-6F0E775E73E7}.Release|Any CPU.Build.0 = Release|Any CPU
		{D6C11284-4350-4DE2-A49B-89059B529761}.Debug|Any CPU.ActiveCfg = Debug|Any CPU
		{D6C11284-4350-4DE2-A49B-89059B529761}.Debug|Any CPU.Build.0 = Debug|Any CPU
		{D6C11284-4350-4DE2-A49B-89059B529761}.Release|Any CPU.ActiveCfg = Release|Any CPU
		{D6C11284-4350-4DE2-A49B-89059B529761}.Release|Any CPU.Build.0 = Release|Any CPU
		{92436F35-70C1-42CB-BA04-EA133F62F0FB}.Debug|Any CPU.ActiveCfg = Debug|Any CPU
		{92436F35-70C1-42CB-BA04-EA133F62F0FB}.Debug|Any CPU.Build.0 = Debug|Any CPU
		{92436F35-70C1-42CB-BA04-EA133F62F0FB}.Release|Any CPU.ActiveCfg = Release|Any CPU
		{92436F35-70C1-42CB-BA04-EA133F62F0FB}.Release|Any CPU.Build.0 = Release|Any CPU
		{B847A8F1-1F5F-4D8B-A78E-C4F724A6A65A}.Debug|Any CPU.ActiveCfg = Debug|Any CPU
		{B847A8F1-1F5F-4D8B-A78E-C4F724A6A65A}.Debug|Any CPU.Build.0 = Debug|Any CPU
		{B847A8F1-1F5F-4D8B-A78E-C4F724A6A65A}.Release|Any CPU.ActiveCfg = Release|Any CPU
		{B847A8F1-1F5F-4D8B-A78E-C4F724A6A65A}.Release|Any CPU.Build.0 = Release|Any CPU
	EndGlobalSection
	GlobalSection(SolutionProperties) = preSolution
		HideSolutionNode = FALSE
	EndGlobalSection
	GlobalSection(ExtensibilityGlobals) = postSolution
		SolutionGuid = {0BFBDF9E-AEB0-4652-90D2-7026F38B6BAC}
	EndGlobalSection
EndGlobal
